
Microsoft Visual Studio Solution File, Format Version 12.00
# Visual Studio Version 16
VisualStudioVersion = 16.0.31205.134
MinimumVisualStudioVersion = 10.0.40219.1
Project("{FAE04EC0-301F-11D3-BF4B-00C04F79EFBC}") = "Day8TreetopTreeHouse", "Day8TreetopTreeHouse\Day8TreetopTreeHouse.csproj", "{6F945292-2D73-4EBB-BFA0-DBE0AF495533}"
EndProject
Global
	GlobalSection(SolutionConfigurationPlatforms) = preSolution
		Debug|Any CPU = Debug|Any CPU
		Release|Any CPU = Release|Any CPU
	EndGlobalSection
	GlobalSection(ProjectConfigurationPlatforms) = postSolution
		{6F945292-2D73-4EBB-BFA0-DBE0AF495533}.Debug|Any CPU.ActiveCfg = Debug|Any CPU
		{6F945292-2D73-4EBB-BFA0-DBE0AF495533}.Debug|Any CPU.Build.0 = Debug|Any CPU
		{6F945292-2D73-4EBB-BFA0-DBE0AF495533}.Release|Any CPU.ActiveCfg = Release|Any CPU
		{6F945292-2D73-4EBB-BFA0-DBE0AF495533}.Release|Any CPU.Build.0 = Release|Any CPU
	EndGlobalSection
	GlobalSection(SolutionProperties) = preSolution
		HideSolutionNode = FALSE
	EndGlobalSection
	GlobalSection(ExtensibilityGlobals) = postSolution
		SolutionGuid = {5B9AA233-6EA0-44FE-8BEE-817BF69DDF29}
	EndGlobalSection
EndGlobal
