
Microsoft Visual Studio Solution File, Format Version 12.00
# Visual Studio Version 16
VisualStudioVersion = 16.0.31205.134
MinimumVisualStudioVersion = 10.0.40219.1
Project("{FAE04EC0-301F-11D3-BF4B-00C04F79EFBC}") = "Day4CampCleanup", "Day4CampCleanup\Day4CampCleanup.csproj", "{D7EC11F9-DC6A-4148-AED2-4AE103AA463C}"
EndProject
Global
	GlobalSection(SolutionConfigurationPlatforms) = preSolution
		Debug|Any CPU = Debug|Any CPU
		Release|Any CPU = Release|Any CPU
	EndGlobalSection
	GlobalSection(ProjectConfigurationPlatforms) = postSolution
		{D7EC11F9-DC6A-4148-AED2-4AE103AA463C}.Debug|Any CPU.ActiveCfg = Debug|Any CPU
		{D7EC11F9-DC6A-4148-AED2-4AE103AA463C}.Debug|Any CPU.Build.0 = Debug|Any CPU
		{D7EC11F9-DC6A-4148-AED2-4AE103AA463C}.Release|Any CPU.ActiveCfg = Release|Any CPU
		{D7EC11F9-DC6A-4148-AED2-4AE103AA463C}.Release|Any CPU.Build.0 = Release|Any CPU
	EndGlobalSection
	GlobalSection(SolutionProperties) = preSolution
		HideSolutionNode = FALSE
	EndGlobalSection
	GlobalSection(ExtensibilityGlobals) = postSolution
		SolutionGuid = {3A0FC5D7-C328-423C-9B1C-C64D7B21CCB6}
	EndGlobalSection
EndGlobal
